
Microsoft Visual Studio Solution File, Format Version 9.00
# Visual Studio 2005
Project("{6989167D-11E4-40FE-8C1A-2192A86A7E90}") = "bone_main", "bone_main.vfproj", "{934111C5-16E0-49DF-9E32-E2DF3394B9F2}"
EndProject
Project("{6989167D-11E4-40FE-8C1A-2192A86A7E90}") = "bone", "bone.vfproj", "{F8F494D5-8249-4115-8227-2215412D14C4}"
EndProject
Global
	GlobalSection(SolutionConfigurationPlatforms) = preSolution
		Debug|Win32 = Debug|Win32
		Release|Win32 = Release|Win32
	EndGlobalSection
	GlobalSection(ProjectConfigurationPlatforms) = postSolution
		{934111C5-16E0-49DF-9E32-E2DF3394B9F2}.Debug|Win32.ActiveCfg = Debug|Win32
		{934111C5-16E0-49DF-9E32-E2DF3394B9F2}.Debug|Win32.Build.0 = Debug|Win32
		{934111C5-16E0-49DF-9E32-E2DF3394B9F2}.Release|Win32.ActiveCfg = Release|Win32
		{934111C5-16E0-49DF-9E32-E2DF3394B9F2}.Release|Win32.Build.0 = Release|Win32
		{F8F494D5-8249-4115-8227-2215412D14C4}.Debug|Win32.ActiveCfg = Debug|Win32
		{F8F494D5-8249-4115-8227-2215412D14C4}.Debug|Win32.Build.0 = Debug|Win32
		{F8F494D5-8249-4115-8227-2215412D14C4}.Release|Win32.ActiveCfg = Release|Win32
		{F8F494D5-8249-4115-8227-2215412D14C4}.Release|Win32.Build.0 = Release|Win32
	EndGlobalSection
	GlobalSection(SolutionProperties) = preSolution
		HideSolutionNode = FALSE
	EndGlobalSection
EndGlobal
